
Microsoft Visual Studio Solution File, Format Version 12.00
# Visual Studio 15
VisualStudioVersion = 15.0.28307.136
MinimumVisualStudioVersion = 10.0.40219.1
Project("{9A19103F-16F7-4668-BE54-9A1E7A4F7556}") = "ContactBook.Web", "ContactBook.Web\ContactBook.Web.csproj", "{7666AC62-650B-4102-BDCE-8393E1DAE454}"
EndProject
Project("{9A19103F-16F7-4668-BE54-9A1E7A4F7556}") = "ContactBook.DAL", "ContactBook.DAL\ContactBook.DAL.csproj", "{58D1FA61-7F87-4613-A13E-22E4B8B11104}"
EndProject
Project("{9A19103F-16F7-4668-BE54-9A1E7A4F7556}") = "ContactBook.Domain", "ContactBook.Domain\ContactBook.Domain.csproj", "{3063243A-97DF-491C-8283-BCF8B14907CC}"
EndProject
Project("{FAE04EC0-301F-11D3-BF4B-00C04F79EFBC}") = "ContactBook.CompositionRoot", "ContactBook.CompositionRoot\ContactBook.CompositionRoot.csproj", "{7F4A4A73-899B-4C3D-94D7-957767148483}"
EndProject
Global
	GlobalSection(SolutionConfigurationPlatforms) = preSolution
		Debug|Any CPU = Debug|Any CPU
		Release|Any CPU = Release|Any CPU
	EndGlobalSection
	GlobalSection(ProjectConfigurationPlatforms) = postSolution
		{7666AC62-650B-4102-BDCE-8393E1DAE454}.Debug|Any CPU.ActiveCfg = Debug|Any CPU
		{7666AC62-650B-4102-BDCE-8393E1DAE454}.Debug|Any CPU.Build.0 = Debug|Any CPU
		{7666AC62-650B-4102-BDCE-8393E1DAE454}.Release|Any CPU.ActiveCfg = Release|Any CPU
		{7666AC62-650B-4102-BDCE-8393E1DAE454}.Release|Any CPU.Build.0 = Release|Any CPU
		{58D1FA61-7F87-4613-A13E-22E4B8B11104}.Debug|Any CPU.ActiveCfg = Debug|Any CPU
		{58D1FA61-7F87-4613-A13E-22E4B8B11104}.Debug|Any CPU.Build.0 = Debug|Any CPU
		{58D1FA61-7F87-4613-A13E-22E4B8B11104}.Release|Any CPU.ActiveCfg = Release|Any CPU
		{58D1FA61-7F87-4613-A13E-22E4B8B11104}.Release|Any CPU.Build.0 = Release|Any CPU
		{3063243A-97DF-491C-8283-BCF8B14907CC}.Debug|Any CPU.ActiveCfg = Debug|Any CPU
		{3063243A-97DF-491C-8283-BCF8B14907CC}.Debug|Any CPU.Build.0 = Debug|Any CPU
		{3063243A-97DF-491C-8283-BCF8B14907CC}.Release|Any CPU.ActiveCfg = Release|Any CPU
		{3063243A-97DF-491C-8283-BCF8B14907CC}.Release|Any CPU.Build.0 = Release|Any CPU
		{7F4A4A73-899B-4C3D-94D7-957767148483}.Debug|Any CPU.ActiveCfg = Debug|Any CPU
		{7F4A4A73-899B-4C3D-94D7-957767148483}.Debug|Any CPU.Build.0 = Debug|Any CPU
		{7F4A4A73-899B-4C3D-94D7-957767148483}.Release|Any CPU.ActiveCfg = Release|Any CPU
		{7F4A4A73-899B-4C3D-94D7-957767148483}.Release|Any CPU.Build.0 = Release|Any CPU
	EndGlobalSection
	GlobalSection(SolutionProperties) = preSolution
		HideSolutionNode = FALSE
	EndGlobalSection
	GlobalSection(ExtensibilityGlobals) = postSolution
		SolutionGuid = {A73FE400-8D57-4777-9F67-6A182E03232A}
	EndGlobalSection
EndGlobal
